{
  "name": "contextsearch",
  "version": "1.0.0",
  "lockfileVersion": 1,
  "requires": true,
  "dependencies": {
    "bmp-js": {
      "version": "0.1.0",
      "resolved": "https://registry.npmjs.org/bmp-js/-/bmp-js-0.1.0.tgz",
      "integrity": "sha1-4Fpj95amwf8l9Hcex62twUjAcjM="
    },
    "decode-ico": {
      "version": "0.2.1",
      "resolved": "https://registry.npmjs.org/decode-ico/-/decode-ico-0.2.1.tgz",
      "integrity": "sha1-fgvtv1U93Wv3Z2TTFZCbZJvx8AU=",
      "requires": {
        "to-data-view": "^1.0.0"
      }
    },
    "file-type": {
      "version": "8.1.0",
      "resolved": "https://registry.npmjs.org/file-type/-/file-type-8.1.0.tgz",
      "integrity": "sha512-qyQ0pzAy78gVoJsmYeNgl8uH8yKhr1lVhW7JbzJmnlRi0I4R2eEDEJZVKG8agpDnLpacwNbDhLNG/LMdxHD2YQ=="
    },
    "icojs": {
      "version": "0.12.1",
      "resolved": "https://registry.npmjs.org/icojs/-/icojs-0.12.1.tgz",
      "integrity": "sha512-KIawfDblcPOeG4kbJe2dyUdLWPDzUT8yYXlP9kZDRhGcXNwZuwAkQjNCkhVNlMPnkFiFDRJ9RPHmEPGWfLihjA==",
      "requires": {
        "bmp-js": "0.1.0",
        "decode-ico": "^0.2.1",
        "file-type": "^8.0.0",
        "jpeg-js": "^0.3.3",
        "pngjs": "^3.3.3",
        "to-data-view": "^1.0.0"
      }
    },
    "jpeg-js": {
      "version": "0.3.4",
      "resolved": "https://registry.npmjs.org/jpeg-js/-/jpeg-js-0.3.4.tgz",
      "integrity": "sha512-6IzjQxvnlT8UlklNmDXIJMWxijULjqGrzgqc0OG7YadZdvm7KPQ1j0ehmQQHckgEWOfgpptzcnWgESovxudpTA=="
    },
    "pngjs": {
      "version": "3.3.3",
      "resolved": "https://registry.npmjs.org/pngjs/-/pngjs-3.3.3.tgz",
      "integrity": "sha512-1n3Z4p3IOxArEs1VRXnZ/RXdfEniAUS9jb68g58FIXMNkPJeZd+Qh4Uq7/e0LVxAQGos1eIUrqrt4FpjdnEd+Q=="
    },
    "to-data-view": {
      "version": "1.0.0",
      "resolved": "https://registry.npmjs.org/to-data-view/-/to-data-view-1.0.0.tgz",
      "integrity": "sha512-pz/bdULSupr+shtVLFHRBXstHfeBByfT9oa1oVOMBR4FWJkuFuD/OFdXZkR8sWONbtfKO7m3Tin/tKM+k3Qt8Q=="
    }
  }
}
